{
  "name": "book_search",
  "lockfileVersion": 3,
  "requires": true,
  "packages": {},
  "scripts": {
    "deploy": "NODE_ENV=production tailwindcss -i ./css/app.css -o ../priv/static/assets/app.css --minify",
    "watch": "tailwindcss -i ./css/app.css -o ../priv/static/assets/app.css --watch"
  }
}
